
Microsoft Visual Studio Solution File, Format Version 12.00
# Visual Studio Version 17
VisualStudioVersion = 17.8.34309.116
MinimumVisualStudioVersion = 10.0.40219.1
Project("{FAE04EC0-301F-11D3-BF4B-00C04F79EFBC}") = "MessengerApp", "MessengerApp\MessengerApp.csproj", "{ECA2F3BC-4C70-44F3-B268-018BE9F23D04}"
EndProject
Global
	GlobalSection(SolutionConfigurationPlatforms) = preSolution
		Debug|Any CPU = Debug|Any CPU
		Release|Any CPU = Release|Any CPU
	EndGlobalSection
	GlobalSection(ProjectConfigurationPlatforms) = postSolution
		{ECA2F3BC-4C70-44F3-B268-018BE9F23D04}.Debug|Any CPU.ActiveCfg = Debug|Any CPU
		{ECA2F3BC-4C70-44F3-B268-018BE9F23D04}.Debug|Any CPU.Build.0 = Debug|Any CPU
		{ECA2F3BC-4C70-44F3-B268-018BE9F23D04}.Release|Any CPU.ActiveCfg = Release|Any CPU
		{ECA2F3BC-4C70-44F3-B268-018BE9F23D04}.Release|Any CPU.Build.0 = Release|Any CPU
	EndGlobalSection
	GlobalSection(SolutionProperties) = preSolution
		HideSolutionNode = FALSE
	EndGlobalSection
	GlobalSection(ExtensibilityGlobals) = postSolution
		SolutionGuid = {02B3FEC0-25C3-4197-8F51-3B8704A43B71}
	EndGlobalSection
EndGlobal
